
Microsoft Visual Studio Solution File, Format Version 12.00
# Visual Studio Version 17
VisualStudioVersion = 17.0.32014.148
MinimumVisualStudioVersion = 10.0.40219.1
Project("{8BC9CEB8-8B4A-11D0-8D11-00A0C91BC942}") = "Forward Engine Tester", "Forward Engine Tester\Forward Engine Tester.vcxproj", "{F5D592B4-B496-423A-A6FE-008AAF40C312}"
EndProject
Global
	GlobalSection(SolutionConfigurationPlatforms) = preSolution
		Debug|x64 = Debug|x64
		Debug|x86 = Debug|x86
		Release|x64 = Release|x64
		Release|x86 = Release|x86
	EndGlobalSection
	GlobalSection(ProjectConfigurationPlatforms) = postSolution
		{F5D592B4-B496-423A-A6FE-008AAF40C312}.Debug|x64.ActiveCfg = Debug|x64
		{F5D592B4-B496-423A-A6FE-008AAF40C312}.Debug|x64.Build.0 = Debug|x64
		{F5D592B4-B496-423A-A6FE-008AAF40C312}.Debug|x86.ActiveCfg = Debug|Win32
		{F5D592B4-B496-423A-A6FE-008AAF40C312}.Debug|x86.Build.0 = Debug|Win32
		{F5D592B4-B496-423A-A6FE-008AAF40C312}.Release|x64.ActiveCfg = Release|x64
		{F5D592B4-B496-423A-A6FE-008AAF40C312}.Release|x64.Build.0 = Release|x64
		{F5D592B4-B496-423A-A6FE-008AAF40C312}.Release|x86.ActiveCfg = Release|Win32
		{F5D592B4-B496-423A-A6FE-008AAF40C312}.Release|x86.Build.0 = Release|Win32
	EndGlobalSection
	GlobalSection(SolutionProperties) = preSolution
		HideSolutionNode = FALSE
	EndGlobalSection
	GlobalSection(ExtensibilityGlobals) = postSolution
		SolutionGuid = {899FCC9E-C054-4AB7-9863-BF9674B332D1}
	EndGlobalSection
EndGlobal
